
Microsoft Visual Studio Solution File, Format Version 12.00
# Visual Studio Version 16
VisualStudioVersion = 16.0.31424.327
MinimumVisualStudioVersion = 10.0.40219.1
Project("{FAE04EC0-301F-11D3-BF4B-00C04F79EFBC}") = "APP_Teste_Git", "APP_Teste_Git\APP_Teste_Git.csproj", "{62464012-33AC-4325-BDEC-50ED83873A6B}"
EndProject
Global
	GlobalSection(SolutionConfigurationPlatforms) = preSolution
		Debug|Any CPU = Debug|Any CPU
		Release|Any CPU = Release|Any CPU
	EndGlobalSection
	GlobalSection(ProjectConfigurationPlatforms) = postSolution
		{62464012-33AC-4325-BDEC-50ED83873A6B}.Debug|Any CPU.ActiveCfg = Debug|Any CPU
		{62464012-33AC-4325-BDEC-50ED83873A6B}.Debug|Any CPU.Build.0 = Debug|Any CPU
		{62464012-33AC-4325-BDEC-50ED83873A6B}.Debug|Any CPU.Deploy.0 = Debug|Any CPU
		{62464012-33AC-4325-BDEC-50ED83873A6B}.Release|Any CPU.ActiveCfg = Release|Any CPU
		{62464012-33AC-4325-BDEC-50ED83873A6B}.Release|Any CPU.Build.0 = Release|Any CPU
		{62464012-33AC-4325-BDEC-50ED83873A6B}.Release|Any CPU.Deploy.0 = Release|Any CPU
	EndGlobalSection
	GlobalSection(SolutionProperties) = preSolution
		HideSolutionNode = FALSE
	EndGlobalSection
	GlobalSection(ExtensibilityGlobals) = postSolution
		SolutionGuid = {561CBA73-7A42-496E-98FE-F1D30970CFB5}
	EndGlobalSection
EndGlobal
